// !$*UTF8*$!
{
	archiveVersion = 1;
	classes = {
	};
	objectVersion = 56;
	objects = {

/* Begin PBXBuildFile section */
		235878B02A86348000861B01 /* AppDelegate.swift in Sources */ = {isa = PBXBuildFile; fileRef = 235878AF2A86348000861B01 /* AppDelegate.swift */; };
		235878B22A86348000861B01 /* SceneDelegate.swift in Sources */ = {isa = PBXBuildFile; fileRef = 235878B12A86348000861B01 /* SceneDelegate.swift */; };
		235878B42A86348000861B01 /* TrendViewController.swift in Sources */ = {isa = PBXBuildFile; fileRef = 235878B32A86348000861B01 /* TrendViewController.swift */; };
		235878B72A86348000861B01 /* Main.storyboard in Resources */ = {isa = PBXBuildFile; fileRef = 235878B52A86348000861B01 /* Main.storyboard */; };
		235878B92A86348300861B01 /* Assets.xcassets in Resources */ = {isa = PBXBuildFile; fileRef = 235878B82A86348300861B01 /* Assets.xcassets */; };
		235878BC2A86348300861B01 /* LaunchScreen.storyboard in Resources */ = {isa = PBXBuildFile; fileRef = 235878BA2A86348300861B01 /* LaunchScreen.storyboard */; };
		235878C52A8711DA00861B01 /* TrendTableViewCell.swift in Sources */ = {isa = PBXBuildFile; fileRef = 235878C32A8711DA00861B01 /* TrendTableViewCell.swift */; };
		235878C62A8711DA00861B01 /* TrendTableViewCell.xib in Resources */ = {isa = PBXBuildFile; fileRef = 235878C42A8711DA00861B01 /* TrendTableViewCell.xib */; };
		235878C82A87121C00861B01 /* ReusableViewProtocol.swift in Sources */ = {isa = PBXBuildFile; fileRef = 235878C72A87121C00861B01 /* ReusableViewProtocol.swift */; };
		235878CA2A87306A00861B01 /* .gitignore in Resources */ = {isa = PBXBuildFile; fileRef = 235878C92A87306900861B01 /* .gitignore */; };
		235878CC2A87308C00861B01 /* APIKey.swift in Sources */ = {isa = PBXBuildFile; fileRef = 235878CB2A87308C00861B01 /* APIKey.swift */; };
		235878CF2A87313700861B01 /* Alamofire in Frameworks */ = {isa = PBXBuildFile; productRef = 235878CE2A87313700861B01 /* Alamofire */; };
		235878D22A87314100861B01 /* SwiftyJSON in Frameworks */ = {isa = PBXBuildFile; productRef = 235878D12A87314100861B01 /* SwiftyJSON */; };
		235878D42A873B1B00861B01 /* Movie.swift in Sources */ = {isa = PBXBuildFile; fileRef = 235878D32A873B1B00861B01 /* Movie.swift */; };
		235878D62A873C2500861B01 /* Endpoint.swift in Sources */ = {isa = PBXBuildFile; fileRef = 235878D52A873C2500861B01 /* Endpoint.swift */; };
		235878D82A873C6600861B01 /* URL+Extension.swift in Sources */ = {isa = PBXBuildFile; fileRef = 235878D72A873C6600861B01 /* URL+Extension.swift */; };
		235878DA2A8740F500861B01 /* TmdbAPIManager.swift in Sources */ = {isa = PBXBuildFile; fileRef = 235878D92A8740F500861B01 /* TmdbAPIManager.swift */; };
		235878DD2A8754E700861B01 /* Kingfisher in Frameworks */ = {isa = PBXBuildFile; productRef = 235878DC2A8754E700861B01 /* Kingfisher */; };
		235878DF2A87789600861B01 /* DetailViewController.swift in Sources */ = {isa = PBXBuildFile; fileRef = 235878DE2A87789600861B01 /* DetailViewController.swift */; };
		235878E22A8779E800861B01 /* DetailTableViewCell.swift in Sources */ = {isa = PBXBuildFile; fileRef = 235878E02A8779E800861B01 /* DetailTableViewCell.swift */; };
		235878E32A8779E800861B01 /* DetailTableViewCell.xib in Resources */ = {isa = PBXBuildFile; fileRef = 235878E12A8779E800861B01 /* DetailTableViewCell.xib */; };
		235878E62A877B0700861B01 /* CastTableViewCell.swift in Sources */ = {isa = PBXBuildFile; fileRef = 235878E42A877B0700861B01 /* CastTableViewCell.swift */; };
		235878E72A877B0700861B01 /* CastTableViewCell.xib in Resources */ = {isa = PBXBuildFile; fileRef = 235878E52A877B0700861B01 /* CastTableViewCell.xib */; };
		235878E92A87A65600861B01 /* Cast.swift in Sources */ = {isa = PBXBuildFile; fileRef = 235878E82A87A65500861B01 /* Cast.swift */; };
		23CB122C2A8B92E80023A9DF /* MovieTrendData.swift in Sources */ = {isa = PBXBuildFile; fileRef = 23CB122B2A8B92E80023A9DF /* MovieTrendData.swift */; };
/* End PBXBuildFile section */

/* Begin PBXFileReference section */
		235878AC2A86348000861B01 /* Media Project.app */ = {isa = PBXFileReference; explicitFileType = wrapper.application; includeInIndex = 0; path = "Media Project.app"; sourceTree = BUILT_PRODUCTS_DIR; };
		235878AF2A86348000861B01 /* AppDelegate.swift */ = {isa = PBXFileReference; lastKnownFileType = sourcecode.swift; path = AppDelegate.swift; sourceTree = "<group>"; };
		235878B12A86348000861B01 /* SceneDelegate.swift */ = {isa = PBXFileReference; lastKnownFileType = sourcecode.swift; path = SceneDelegate.swift; sourceTree = "<group>"; };
		235878B32A86348000861B01 /* TrendViewController.swift */ = {isa = PBXFileReference; lastKnownFileType = sourcecode.swift; path = TrendViewController.swift; sourceTree = "<group>"; };
		235878B62A86348000861B01 /* Base */ = {isa = PBXFileReference; lastKnownFileType = file.storyboard; name = Base; path = Base.lproj/Main.storyboard; sourceTree = "<group>"; };
		235878B82A86348300861B01 /* Assets.xcassets */ = {isa = PBXFileReference; lastKnownFileType = folder.assetcatalog; path = Assets.xcassets; sourceTree = "<group>"; };
		235878BB2A86348300861B01 /* Base */ = {isa = PBXFileReference; lastKnownFileType = file.storyboard; name = Base; path = Base.lproj/LaunchScreen.storyboard; sourceTree = "<group>"; };
		235878BD2A86348300861B01 /* Info.plist */ = {isa = PBXFileReference; lastKnownFileType = text.plist.xml; path = Info.plist; sourceTree = "<group>"; };
		235878C32A8711DA00861B01 /* TrendTableViewCell.swift */ = {isa = PBXFileReference; lastKnownFileType = sourcecode.swift; path = TrendTableViewCell.swift; sourceTree = "<group>"; };
		235878C42A8711DA00861B01 /* TrendTableViewCell.xib */ = {isa = PBXFileReference; lastKnownFileType = file.xib; path = TrendTableViewCell.xib; sourceTree = "<group>"; };
		235878C72A87121C00861B01 /* ReusableViewProtocol.swift */ = {isa = PBXFileReference; lastKnownFileType = sourcecode.swift; path = ReusableViewProtocol.swift; sourceTree = "<group>"; };
		235878C92A87306900861B01 /* .gitignore */ = {isa = PBXFileReference; lastKnownFileType = text; path = .gitignore; sourceTree = "<group>"; };
		235878CB2A87308C00861B01 /* APIKey.swift */ = {isa = PBXFileReference; lastKnownFileType = sourcecode.swift; path = APIKey.swift; sourceTree = "<group>"; };
		235878D32A873B1B00861B01 /* Movie.swift */ = {isa = PBXFileReference; lastKnownFileType = sourcecode.swift; path = Movie.swift; sourceTree = "<group>"; };
		235878D52A873C2500861B01 /* Endpoint.swift */ = {isa = PBXFileReference; lastKnownFileType = sourcecode.swift; path = Endpoint.swift; sourceTree = "<group>"; };
		235878D72A873C6600861B01 /* URL+Extension.swift */ = {isa = PBXFileReference; lastKnownFileType = sourcecode.swift; path = "URL+Extension.swift"; sourceTree = "<group>"; };
		235878D92A8740F500861B01 /* TmdbAPIManager.swift */ = {isa = PBXFileReference; lastKnownFileType = sourcecode.swift; path = TmdbAPIManager.swift; sourceTree = "<group>"; };
		235878DE2A87789600861B01 /* DetailViewController.swift */ = {isa = PBXFileReference; lastKnownFileType = sourcecode.swift; path = DetailViewController.swift; sourceTree = "<group>"; };
		235878E02A8779E800861B01 /* DetailTableViewCell.swift */ = {isa = PBXFileReference; lastKnownFileType = sourcecode.swift; path = DetailTableViewCell.swift; sourceTree = "<group>"; };
		235878E12A8779E800861B01 /* DetailTableViewCell.xib */ = {isa = PBXFileReference; lastKnownFileType = file.xib; path = DetailTableViewCell.xib; sourceTree = "<group>"; };
		235878E42A877B0700861B01 /* CastTableViewCell.swift */ = {isa = PBXFileReference; lastKnownFileType = sourcecode.swift; path = CastTableViewCell.swift; sourceTree = "<group>"; };
		235878E52A877B0700861B01 /* CastTableViewCell.xib */ = {isa = PBXFileReference; lastKnownFileType = file.xib; path = CastTableViewCell.xib; sourceTree = "<group>"; };
		235878E82A87A65500861B01 /* Cast.swift */ = {isa = PBXFileReference; lastKnownFileType = sourcecode.swift; path = Cast.swift; sourceTree = "<group>"; };
		23CB122B2A8B92E80023A9DF /* MovieTrendData.swift */ = {isa = PBXFileReference; lastKnownFileType = sourcecode.swift; path = MovieTrendData.swift; sourceTree = "<group>"; };
/* End PBXFileReference section */

/* Begin PBXFrameworksBuildPhase section */
		235878A92A86348000861B01 /* Frameworks */ = {
			isa = PBXFrameworksBuildPhase;
			buildActionMask = 2147483647;
			files = (
				235878DD2A8754E700861B01 /* Kingfisher in Frameworks */,
				235878D22A87314100861B01 /* SwiftyJSON in Frameworks */,
				235878CF2A87313700861B01 /* Alamofire in Frameworks */,
			);
			runOnlyForDeploymentPostprocessing = 0;
		};
/* End PBXFrameworksBuildPhase section */

/* Begin PBXGroup section */
		235878A32A86348000861B01 = {
			isa = PBXGroup;
			children = (
				235878AE2A86348000861B01 /* Media Project */,
				235878AD2A86348000861B01 /* Products */,
			);
			sourceTree = "<group>";
		};
		235878AD2A86348000861B01 /* Products */ = {
			isa = PBXGroup;
			children = (
				235878AC2A86348000861B01 /* Media Project.app */,
			);
			name = Products;
			sourceTree = "<group>";
		};
		235878AE2A86348000861B01 /* Media Project */ = {
			isa = PBXGroup;
			children = (
				235878EA2A87B4CD00861B01 /* Resources */,
				235878ED2A87B53100861B01 /* Sources */,
				235878C72A87121C00861B01 /* ReusableViewProtocol.swift */,
				235878D52A873C2500861B01 /* Endpoint.swift */,
				235878D72A873C6600861B01 /* URL+Extension.swift */,
				235878BD2A86348300861B01 /* Info.plist */,
			);
			path = "Media Project";
			sourceTree = "<group>";
		};
		235878EA2A87B4CD00861B01 /* Resources */ = {
			isa = PBXGroup;
			children = (
				235878AF2A86348000861B01 /* AppDelegate.swift */,
				235878B12A86348000861B01 /* SceneDelegate.swift */,
				235878B82A86348300861B01 /* Assets.xcassets */,
				235878EB2A87B4E300861B01 /* API */,
				235878EC2A87B50100861B01 /* Storyboards */,
			);
			path = Resources;
			sourceTree = "<group>";
		};
		235878EB2A87B4E300861B01 /* API */ = {
			isa = PBXGroup;
			children = (
				235878D92A8740F500861B01 /* TmdbAPIManager.swift */,
				23CB122B2A8B92E80023A9DF /* MovieTrendData.swift */,
				235878CB2A87308C00861B01 /* APIKey.swift */,
				235878C92A87306900861B01 /* .gitignore */,
			);
			path = API;
			sourceTree = "<group>";
		};
		235878EC2A87B50100861B01 /* Storyboards */ = {
			isa = PBXGroup;
			children = (
				235878B52A86348000861B01 /* Main.storyboard */,
				235878BA2A86348300861B01 /* LaunchScreen.storyboard */,
			);
			path = Storyboards;
			sourceTree = "<group>";
		};
		235878ED2A87B53100861B01 /* Sources */ = {
			isa = PBXGroup;
			children = (
				235878EE2A87B53900861B01 /* ViewControllers */,
				235878EF2A87B54A00861B01 /* Cells */,
				235878F02A87B58100861B01 /* Models */,
			);
			path = Sources;
			sourceTree = "<group>";
		};
		235878EE2A87B53900861B01 /* ViewControllers */ = {
			isa = PBXGroup;
			children = (
				235878B32A86348000861B01 /* TrendViewController.swift */,
				235878DE2A87789600861B01 /* DetailViewController.swift */,
			);
			path = ViewControllers;
			sourceTree = "<group>";
		};
		235878EF2A87B54A00861B01 /* Cells */ = {
			isa = PBXGroup;
			children = (
				235878E42A877B0700861B01 /* CastTableViewCell.swift */,
				235878E52A877B0700861B01 /* CastTableViewCell.xib */,
				235878E02A8779E800861B01 /* DetailTableViewCell.swift */,
				235878E12A8779E800861B01 /* DetailTableViewCell.xib */,
				235878C32A8711DA00861B01 /* TrendTableViewCell.swift */,
				235878C42A8711DA00861B01 /* TrendTableViewCell.xib */,
			);
			path = Cells;
			sourceTree = "<group>";
		};
		235878F02A87B58100861B01 /* Models */ = {
			isa = PBXGroup;
			children = (
				235878D32A873B1B00861B01 /* Movie.swift */,
				235878E82A87A65500861B01 /* Cast.swift */,
			);
			path = Models;
			sourceTree = "<group>";
		};
/* End PBXGroup section */

/* Begin PBXNativeTarget section */
		235878AB2A86348000861B01 /* Media Project */ = {
			isa = PBXNativeTarget;
			buildConfigurationList = 235878C02A86348300861B01 /* Build configuration list for PBXNativeTarget "Media Project" */;
			buildPhases = (
				235878A82A86348000861B01 /* Sources */,
				235878A92A86348000861B01 /* Frameworks */,
				235878AA2A86348000861B01 /* Resources */,
			);
			buildRules = (
			);
			dependencies = (
			);
			name = "Media Project";
			packageProductDependencies = (
				235878CE2A87313700861B01 /* Alamofire */,
				235878D12A87314100861B01 /* SwiftyJSON */,
				235878DC2A8754E700861B01 /* Kingfisher */,
			);
			productName = "Media Project";
			productReference = 235878AC2A86348000861B01 /* Media Project.app */;
			productType = "com.apple.product-type.application";
		};
/* End PBXNativeTarget section */

/* Begin PBXProject section */
		235878A42A86348000861B01 /* Project object */ = {
			isa = PBXProject;
			attributes = {
				BuildIndependentTargetsInParallel = 1;
				LastSwiftUpdateCheck = 1430;
				LastUpgradeCheck = 1430;
				TargetAttributes = {
					235878AB2A86348000861B01 = {
						CreatedOnToolsVersion = 14.3.1;
					};
				};
			};
			buildConfigurationList = 235878A72A86348000861B01 /* Build configuration list for PBXProject "Media Project" */;
			compatibilityVersion = "Xcode 14.0";
			developmentRegion = en;
			hasScannedForEncodings = 0;
			knownRegions = (
				en,
				Base,
			);
			mainGroup = 235878A32A86348000861B01;
			packageReferences = (
				235878CD2A87313700861B01 /* XCRemoteSwiftPackageReference "Alamofire" */,
				235878D02A87314100861B01 /* XCRemoteSwiftPackageReference "SwiftyJSON" */,
				235878DB2A8754E700861B01 /* XCRemoteSwiftPackageReference "Kingfisher" */,
			);
			productRefGroup = 235878AD2A86348000861B01 /* Products */;
			projectDirPath = "";
			projectRoot = "";
			targets = (
				235878AB2A86348000861B01 /* Media Project */,
			);
		};
/* End PBXProject section */

/* Begin PBXResourcesBuildPhase section */
		235878AA2A86348000861B01 /* Resources */ = {
			isa = PBXResourcesBuildPhase;
			buildActionMask = 2147483647;
			files = (
				235878CA2A87306A00861B01 /* .gitignore in Resources */,
				235878E72A877B0700861B01 /* CastTableViewCell.xib in Resources */,
				235878BC2A86348300861B01 /* LaunchScreen.storyboard in Resources */,
				235878B92A86348300861B01 /* Assets.xcassets in Resources */,
				235878B72A86348000861B01 /* Main.storyboard in Resources */,
				235878E32A8779E800861B01 /* DetailTableViewCell.xib in Resources */,
				235878C62A8711DA00861B01 /* TrendTableViewCell.xib in Resources */,
			);
			runOnlyForDeploymentPostprocessing = 0;
		};
/* End PBXResourcesBuildPhase section */

/* Begin PBXSourcesBuildPhase section */
		235878A82A86348000861B01 /* Sources */ = {
			isa = PBXSourcesBuildPhase;
			buildActionMask = 2147483647;
			files = (
				235878DF2A87789600861B01 /* DetailViewController.swift in Sources */,
				235878D42A873B1B00861B01 /* Movie.swift in Sources */,
				235878E92A87A65600861B01 /* Cast.swift in Sources */,
				235878B42A86348000861B01 /* TrendViewController.swift in Sources */,
				235878D62A873C2500861B01 /* Endpoint.swift in Sources */,
				235878DA2A8740F500861B01 /* TmdbAPIManager.swift in Sources */,
				235878C82A87121C00861B01 /* ReusableViewProtocol.swift in Sources */,
				235878E22A8779E800861B01 /* DetailTableViewCell.swift in Sources */,
				235878E62A877B0700861B01 /* CastTableViewCell.swift in Sources */,
				235878B02A86348000861B01 /* AppDelegate.swift in Sources */,
				235878D82A873C6600861B01 /* URL+Extension.swift in Sources */,
				23CB122C2A8B92E80023A9DF /* MovieTrendData.swift in Sources */,
				235878B22A86348000861B01 /* SceneDelegate.swift in Sources */,
				235878CC2A87308C00861B01 /* APIKey.swift in Sources */,
				235878C52A8711DA00861B01 /* TrendTableViewCell.swift in Sources */,
			);
			runOnlyForDeploymentPostprocessing = 0;
		};
/* End PBXSourcesBuildPhase section */

/* Begin PBXVariantGroup section */
		235878B52A86348000861B01 /* Main.storyboard */ = {
			isa = PBXVariantGroup;
			children = (
				235878B62A86348000861B01 /* Base */,
			);
			name = Main.storyboard;
			sourceTree = "<group>";
		};
		235878BA2A86348300861B01 /* LaunchScreen.storyboard */ = {
			isa = PBXVariantGroup;
			children = (
				235878BB2A86348300861B01 /* Base */,
			);
			name = LaunchScreen.storyboard;
			sourceTree = "<group>";
		};
/* End PBXVariantGroup section */

/* Begin XCBuildConfiguration section */
		235878BE2A86348300861B01 /* Debug */ = {
			isa = XCBuildConfiguration;
			buildSettings = {
				ALWAYS_SEARCH_USER_PATHS = NO;
				CLANG_ANALYZER_NONNULL = YES;
				CLANG_ANALYZER_NUMBER_OBJECT_CONVERSION = YES_AGGRESSIVE;
				CLANG_CXX_LANGUAGE_STANDARD = "gnu++20";
				CLANG_ENABLE_MODULES = YES;
				CLANG_ENABLE_OBJC_ARC = YES;
				CLANG_ENABLE_OBJC_WEAK = YES;
				CLANG_WARN_BLOCK_CAPTURE_AUTORELEASING = YES;
				CLANG_WARN_BOOL_CONVERSION = YES;
				CLANG_WARN_COMMA = YES;
				CLANG_WARN_CONSTANT_CONVERSION = YES;
				CLANG_WARN_DEPRECATED_OBJC_IMPLEMENTATIONS = YES;
				CLANG_WARN_DIRECT_OBJC_ISA_USAGE = YES_ERROR;
				CLANG_WARN_DOCUMENTATION_COMMENTS = YES;
				CLANG_WARN_EMPTY_BODY = YES;
				CLANG_WARN_ENUM_CONVERSION = YES;
				CLANG_WARN_INFINITE_RECURSION = YES;
				CLANG_WARN_INT_CONVERSION = YES;
				CLANG_WARN_NON_LITERAL_NULL_CONVERSION = YES;
				CLANG_WARN_OBJC_IMPLICIT_RETAIN_SELF = YES;
				CLANG_WARN_OBJC_LITERAL_CONVERSION = YES;
				CLANG_WARN_OBJC_ROOT_CLASS = YES_ERROR;
				CLANG_WARN_QUOTED_INCLUDE_IN_FRAMEWORK_HEADER = YES;
				CLANG_WARN_RANGE_LOOP_ANALYSIS = YES;
				CLANG_WARN_STRICT_PROTOTYPES = YES;
				CLANG_WARN_SUSPICIOUS_MOVE = YES;
				CLANG_WARN_UNGUARDED_AVAILABILITY = YES_AGGRESSIVE;
				CLANG_WARN_UNREACHABLE_CODE = YES;
				CLANG_WARN__DUPLICATE_METHOD_MATCH = YES;
				COPY_PHASE_STRIP = NO;
				DEBUG_INFORMATION_FORMAT = dwarf;
				ENABLE_STRICT_OBJC_MSGSEND = YES;
				ENABLE_TESTABILITY = YES;
				GCC_C_LANGUAGE_STANDARD = gnu11;
				GCC_DYNAMIC_NO_PIC = NO;
				GCC_NO_COMMON_BLOCKS = YES;
				GCC_OPTIMIZATION_LEVEL = 0;
				GCC_PREPROCESSOR_DEFINITIONS = (
					"DEBUG=1",
					"$(inherited)",
				);
				GCC_WARN_64_TO_32_BIT_CONVERSION = YES;
				GCC_WARN_ABOUT_RETURN_TYPE = YES_ERROR;
				GCC_WARN_UNDECLARED_SELECTOR = YES;
				GCC_WARN_UNINITIALIZED_AUTOS = YES_AGGRESSIVE;
				GCC_WARN_UNUSED_FUNCTION = YES;
				GCC_WARN_UNUSED_VARIABLE = YES;
				IPHONEOS_DEPLOYMENT_TARGET = 16.4;
				MTL_ENABLE_DEBUG_INFO = INCLUDE_SOURCE;
				MTL_FAST_MATH = YES;
				ONLY_ACTIVE_ARCH = YES;
				SDKROOT = iphoneos;
				SWIFT_ACTIVE_COMPILATION_CONDITIONS = DEBUG;
				SWIFT_OPTIMIZATION_LEVEL = "-Onone";
			};
			name = Debug;
		};
		235878BF2A86348300861B01 /* Release */ = {
			isa = XCBuildConfiguration;
			buildSettings = {
				ALWAYS_SEARCH_USER_PATHS = NO;
				CLANG_ANALYZER_NONNULL = YES;
				CLANG_ANALYZER_NUMBER_OBJECT_CONVERSION = YES_AGGRESSIVE;
				CLANG_CXX_LANGUAGE_STANDARD = "gnu++20";
				CLANG_ENABLE_MODULES = YES;
				CLANG_ENABLE_OBJC_ARC = YES;
				CLANG_ENABLE_OBJC_WEAK = YES;
				CLANG_WARN_BLOCK_CAPTURE_AUTORELEASING = YES;
				CLANG_WARN_BOOL_CONVERSION = YES;
				CLANG_WARN_COMMA = YES;
				CLANG_WARN_CONSTANT_CONVERSION = YES;
				CLANG_WARN_DEPRECATED_OBJC_IMPLEMENTATIONS = YES;
				CLANG_WARN_DIRECT_OBJC_ISA_USAGE = YES_ERROR;
				CLANG_WARN_DOCUMENTATION_COMMENTS = YES;
				CLANG_WARN_EMPTY_BODY = YES;
				CLANG_WARN_ENUM_CONVERSION = YES;
				CLANG_WARN_INFINITE_RECURSION = YES;
				CLANG_WARN_INT_CONVERSION = YES;
				CLANG_WARN_NON_LITERAL_NULL_CONVERSION = YES;
				CLANG_WARN_OBJC_IMPLICIT_RETAIN_SELF = YES;
				CLANG_WARN_OBJC_LITERAL_CONVERSION = YES;
				CLANG_WARN_OBJC_ROOT_CLASS = YES_ERROR;
				CLANG_WARN_QUOTED_INCLUDE_IN_FRAMEWORK_HEADER = YES;
				CLANG_WARN_RANGE_LOOP_ANALYSIS = YES;
				CLANG_WARN_STRICT_PROTOTYPES = YES;
				CLANG_WARN_SUSPICIOUS_MOVE = YES;
				CLANG_WARN_UNGUARDED_AVAILABILITY = YES_AGGRESSIVE;
				CLANG_WARN_UNREACHABLE_CODE = YES;
				CLANG_WARN__DUPLICATE_METHOD_MATCH = YES;
				COPY_PHASE_STRIP = NO;
				DEBUG_INFORMATION_FORMAT = "dwarf-with-dsym";
				ENABLE_NS_ASSERTIONS = NO;
				ENABLE_STRICT_OBJC_MSGSEND = YES;
				GCC_C_LANGUAGE_STANDARD = gnu11;
				GCC_NO_COMMON_BLOCKS = YES;
				GCC_WARN_64_TO_32_BIT_CONVERSION = YES;
				GCC_WARN_ABOUT_RETURN_TYPE = YES_ERROR;
				GCC_WARN_UNDECLARED_SELECTOR = YES;
				GCC_WARN_UNINITIALIZED_AUTOS = YES_AGGRESSIVE;
				GCC_WARN_UNUSED_FUNCTION = YES;
				GCC_WARN_UNUSED_VARIABLE = YES;
				IPHONEOS_DEPLOYMENT_TARGET = 16.4;
				MTL_ENABLE_DEBUG_INFO = NO;
				MTL_FAST_MATH = YES;
				SDKROOT = iphoneos;
				SWIFT_COMPILATION_MODE = wholemodule;
				SWIFT_OPTIMIZATION_LEVEL = "-O";
				VALIDATE_PRODUCT = YES;
			};
			name = Release;
		};
		235878C12A86348300861B01 /* Debug */ = {
			isa = XCBuildConfiguration;
			buildSettings = {
				ASSETCATALOG_COMPILER_APPICON_NAME = AppIcon;
				ASSETCATALOG_COMPILER_GLOBAL_ACCENT_COLOR_NAME = AccentColor;
				CODE_SIGN_STYLE = Automatic;
				CURRENT_PROJECT_VERSION = 1;
				DEVELOPMENT_TEAM = XG2N7C4BNF;
				GENERATE_INFOPLIST_FILE = YES;
				INFOPLIST_FILE = "Media Project/Info.plist";
				INFOPLIST_KEY_UIApplicationSupportsIndirectInputEvents = YES;
				INFOPLIST_KEY_UILaunchStoryboardName = LaunchScreen;
				INFOPLIST_KEY_UIMainStoryboardFile = Main;
				INFOPLIST_KEY_UISupportedInterfaceOrientations_iPad = "UIInterfaceOrientationPortrait UIInterfaceOrientationPortraitUpsideDown UIInterfaceOrientationLandscapeLeft UIInterfaceOrientationLandscapeRight";
				INFOPLIST_KEY_UISupportedInterfaceOrientations_iPhone = "UIInterfaceOrientationPortrait UIInterfaceOrientationLandscapeLeft UIInterfaceOrientationLandscapeRight";
				IPHONEOS_DEPLOYMENT_TARGET = 15.0;
				LD_RUNPATH_SEARCH_PATHS = (
					"$(inherited)",
					"@executable_path/Frameworks",
				);
				MARKETING_VERSION = 1.0;
				PRODUCT_BUNDLE_IDENTIFIER = "doryb.Media-Project";
				PRODUCT_NAME = "$(TARGET_NAME)";
				SUPPORTED_PLATFORMS = "iphoneos iphonesimulator";
				SUPPORTS_MACCATALYST = NO;
				SUPPORTS_MAC_DESIGNED_FOR_IPHONE_IPAD = NO;
				SWIFT_EMIT_LOC_STRINGS = YES;
				SWIFT_VERSION = 5.0;
				TARGETED_DEVICE_FAMILY = 1;
			};
			name = Debug;
		};
		235878C22A86348300861B01 /* Release */ = {
			isa = XCBuildConfiguration;
			buildSettings = {
				ASSETCATALOG_COMPILER_APPICON_NAME = AppIcon;
				ASSETCATALOG_COMPILER_GLOBAL_ACCENT_COLOR_NAME = AccentColor;
				CODE_SIGN_STYLE = Automatic;
				CURRENT_PROJECT_VERSION = 1;
				DEVELOPMENT_TEAM = XG2N7C4BNF;
				GENERATE_INFOPLIST_FILE = YES;
				INFOPLIST_FILE = "Media Project/Info.plist";
				INFOPLIST_KEY_UIApplicationSupportsIndirectInputEvents = YES;
				INFOPLIST_KEY_UILaunchStoryboardName = LaunchScreen;
				INFOPLIST_KEY_UIMainStoryboardFile = Main;
				INFOPLIST_KEY_UISupportedInterfaceOrientations_iPad = "UIInterfaceOrientationPortrait UIInterfaceOrientationPortraitUpsideDown UIInterfaceOrientationLandscapeLeft UIInterfaceOrientationLandscapeRight";
				INFOPLIST_KEY_UISupportedInterfaceOrientations_iPhone = "UIInterfaceOrientationPortrait UIInterfaceOrientationLandscapeLeft UIInterfaceOrientationLandscapeRight";
				IPHONEOS_DEPLOYMENT_TARGET = 15.0;
				LD_RUNPATH_SEARCH_PATHS = (
					"$(inherited)",
					"@executable_path/Frameworks",
				);
				MARKETING_VERSION = 1.0;
				PRODUCT_BUNDLE_IDENTIFIER = "doryb.Media-Project";
				PRODUCT_NAME = "$(TARGET_NAME)";
				SUPPORTED_PLATFORMS = "iphoneos iphonesimulator";
				SUPPORTS_MACCATALYST = NO;
				SUPPORTS_MAC_DESIGNED_FOR_IPHONE_IPAD = NO;
				SWIFT_EMIT_LOC_STRINGS = YES;
				SWIFT_VERSION = 5.0;
				TARGETED_DEVICE_FAMILY = 1;
			};
			name = Release;
		};
/* End XCBuildConfiguration section */

/* Begin XCConfigurationList section */
		235878A72A86348000861B01 /* Build configuration list for PBXProject "Media Project" */ = {
			isa = XCConfigurationList;
			buildConfigurations = (
				235878BE2A86348300861B01 /* Debug */,
				235878BF2A86348300861B01 /* Release */,
			);
			defaultConfigurationIsVisible = 0;
			defaultConfigurationName = Release;
		};
		235878C02A86348300861B01 /* Build configuration list for PBXNativeTarget "Media Project" */ = {
			isa = XCConfigurationList;
			buildConfigurations = (
				235878C12A86348300861B01 /* Debug */,
				235878C22A86348300861B01 /* Release */,
			);
			defaultConfigurationIsVisible = 0;
			defaultConfigurationName = Release;
		};
/* End XCConfigurationList section */

/* Begin XCRemoteSwiftPackageReference section */
		235878CD2A87313700861B01 /* XCRemoteSwiftPackageReference "Alamofire" */ = {
			isa = XCRemoteSwiftPackageReference;
			repositoryURL = "https://github.com/Alamofire/Alamofire";
			requirement = {
				kind = upToNextMajorVersion;
				minimumVersion = 5.0.0;
			};
		};
		235878D02A87314100861B01 /* XCRemoteSwiftPackageReference "SwiftyJSON" */ = {
			isa = XCRemoteSwiftPackageReference;
			repositoryURL = "https://github.com/SwiftyJSON/SwiftyJSON.git";
			requirement = {
				kind = upToNextMajorVersion;
				minimumVersion = 5.0.0;
			};
		};
		235878DB2A8754E700861B01 /* XCRemoteSwiftPackageReference "Kingfisher" */ = {
			isa = XCRemoteSwiftPackageReference;
			repositoryURL = "https://github.com/onevcat/Kingfisher.git";
			requirement = {
				kind = upToNextMajorVersion;
				minimumVersion = 7.0.0;
			};
		};
/* End XCRemoteSwiftPackageReference section */

/* Begin XCSwiftPackageProductDependency section */
		235878CE2A87313700861B01 /* Alamofire */ = {
			isa = XCSwiftPackageProductDependency;
			package = 235878CD2A87313700861B01 /* XCRemoteSwiftPackageReference "Alamofire" */;
			productName = Alamofire;
		};
		235878D12A87314100861B01 /* SwiftyJSON */ = {
			isa = XCSwiftPackageProductDependency;
			package = 235878D02A87314100861B01 /* XCRemoteSwiftPackageReference "SwiftyJSON" */;
			productName = SwiftyJSON;
		};
		235878DC2A8754E700861B01 /* Kingfisher */ = {
			isa = XCSwiftPackageProductDependency;
			package = 235878DB2A8754E700861B01 /* XCRemoteSwiftPackageReference "Kingfisher" */;
			productName = Kingfisher;
		};
/* End XCSwiftPackageProductDependency section */
	};
	rootObject = 235878A42A86348000861B01 /* Project object */;
}
